Microsoft Visual Studio Solution File, Format Version 10.00
# Visual Studio 2008
Project("{FAE04EC0-301F-11D3-BF4B-00C04F79EFBC}") = "beepd", "example\Beepd\beepd.csproj", "{908A2B7A-1FBA-474C-9F95-DBD71A75AF07}"
EndProject
Project("{FAE04EC0-301F-11D3-BF4B-00C04F79EFBC}") = "Bing", "example\Bing\Bing.csproj", "{5064963B-66DC-4EBD-B0EB-E8140F856308}"
EndProject
Project("{FAE04EC0-301F-11D3-BF4B-00C04F79EFBC}") = "beepcore", "beepcore.csproj", "{C92CF95F-1C11-4E51-B51E-87C71F97A73C}"
EndProject
Global
	GlobalSection(SolutionConfigurationPlatforms) = preSolution
		Debug|Any CPU = Debug|Any CPU
		Release|Any CPU = Release|Any CPU
	EndGlobalSection
	GlobalSection(ProjectConfigurationPlatforms) = postSolution
		{908A2B7A-1FBA-474C-9F95-DBD71A75AF07}.Debug|Any CPU.ActiveCfg = Debug|Any CPU
		{908A2B7A-1FBA-474C-9F95-DBD71A75AF07}.Debug|Any CPU.Build.0 = Debug|Any CPU
		{908A2B7A-1FBA-474C-9F95-DBD71A75AF07}.Release|Any CPU.ActiveCfg = Release|Any CPU
		{908A2B7A-1FBA-474C-9F95-DBD71A75AF07}.Release|Any CPU.Build.0 = Release|Any CPU
		{5064963B-66DC-4EBD-B0EB-E8140F856308}.Debug|Any CPU.ActiveCfg = Debug|Any CPU
		{5064963B-66DC-4EBD-B0EB-E8140F856308}.Debug|Any CPU.Build.0 = Debug|Any CPU
		{5064963B-66DC-4EBD-B0EB-E8140F856308}.Release|Any CPU.ActiveCfg = Release|Any CPU
		{5064963B-66DC-4EBD-B0EB-E8140F856308}.Release|Any CPU.Build.0 = Release|Any CPU
		{C92CF95F-1C11-4E51-B51E-87C71F97A73C}.Debug|Any CPU.ActiveCfg = Debug|Any CPU
		{C92CF95F-1C11-4E51-B51E-87C71F97A73C}.Debug|Any CPU.Build.0 = Debug|Any CPU
		{C92CF95F-1C11-4E51-B51E-87C71F97A73C}.Release|Any CPU.ActiveCfg = Release|Any CPU
		{C92CF95F-1C11-4E51-B51E-87C71F97A73C}.Release|Any CPU.Build.0 = Release|Any CPU
	EndGlobalSection
	GlobalSection(SolutionProperties) = preSolution
		HideSolutionNode = FALSE
	EndGlobalSection
EndGlobal
